// !$*UTF8*$!
{
	archiveVersion = 1;
	classes = {
	};
	objectVersion = 46;
	objects = {

/* Begin PBXBuildFile section */
		9C337C251833638900FA3BF4 /* Accelerate.framework in Frameworks */ = {isa = PBXBuildFile; fileRef = 9C337C241833638900FA3BF4 /* Accelerate.framework */; };
		9C337C271833639B00FA3BF4 /* QuartzCore.framework in Frameworks */ = {isa = PBXBuildFile; fileRef = 9C337C261833639B00FA3BF4 /* QuartzCore.framework */; };
		9C337C29183363A500FA3BF4 /* OpenGLES.framework in Frameworks */ = {isa = PBXBuildFile; fileRef = 9C337C28183363A500FA3BF4 /* OpenGLES.framework */; };
		9C337C2B183363B100FA3BF4 /* AudioToolbox.framework in Frameworks */ = {isa = PBXBuildFile; fileRef = 9C337C2A183363B100FA3BF4 /* AudioToolbox.framework */; };
		9C4C2F6E1887B79E000514FC /* DCUtils.m in Sources */ = {isa = PBXBuildFile; fileRef = 9C4C2F6D1887B79E000514FC /* DCUtils.m */; };
		9C4C2F72188FB116000514FC /* DCDreamPlayBackViewController.m in Sources */ = {isa = PBXBuildFile; fileRef = 9C4C2F71188FB116000514FC /* DCDreamPlayBackViewController.m */; };
		9CB5884B1830C73B00375BEA /* Main.storyboard in Resources */ = {isa = PBXBuildFile; fileRef = 9CB588491830C73B00375BEA /* Main.storyboard */; };
		9CB92CB6182C93B300B62EE1 /* Foundation.framework in Frameworks */ = {isa = PBXBuildFile; fileRef = 9CB92CB5182C93B300B62EE1 /* Foundation.framework */; };
		9CB92CB8182C93B300B62EE1 /* CoreGraphics.framework in Frameworks */ = {isa = PBXBuildFile; fileRef = 9CB92CB7182C93B300B62EE1 /* CoreGraphics.framework */; };
		9CB92CBA182C93B300B62EE1 /* UIKit.framework in Frameworks */ = {isa = PBXBuildFile; fileRef = 9CB92CB9182C93B300B62EE1 /* UIKit.framework */; };
		9CB92CC0182C93B300B62EE1 /* InfoPlist.strings in Resources */ = {isa = PBXBuildFile; fileRef = 9CB92CBE182C93B300B62EE1 /* InfoPlist.strings */; };
		9CB92CC2182C93B300B62EE1 /* main.m in Sources */ = {isa = PBXBuildFile; fileRef = 9CB92CC1182C93B300B62EE1 /* main.m */; };
		9CB92CC6182C93B300B62EE1 /* DCAppDelegate.m in Sources */ = {isa = PBXBuildFile; fileRef = 9CB92CC5182C93B300B62EE1 /* DCAppDelegate.m */; };
		9CB92CCE182C93B300B62EE1 /* Images.xcassets in Resources */ = {isa = PBXBuildFile; fileRef = 9CB92CCD182C93B300B62EE1 /* Images.xcassets */; };
		9CB92CD5182C93B300B62EE1 /* XCTest.framework in Frameworks */ = {isa = PBXBuildFile; fileRef = 9CB92CD4182C93B300B62EE1 /* XCTest.framework */; };
		9CB92CD6182C93B300B62EE1 /* Foundation.framework in Frameworks */ = {isa = PBXBuildFile; fileRef = 9CB92CB5182C93B300B62EE1 /* Foundation.framework */; };
		9CB92CD7182C93B300B62EE1 /* UIKit.framework in Frameworks */ = {isa = PBXBuildFile; fileRef = 9CB92CB9182C93B300B62EE1 /* UIKit.framework */; };
		9CB92CDF182C93B300B62EE1 /* InfoPlist.strings in Resources */ = {isa = PBXBuildFile; fileRef = 9CB92CDD182C93B300B62EE1 /* InfoPlist.strings */; };
		9CB92CE1182C93B300B62EE1 /* DreamCatcherTests.m in Sources */ = {isa = PBXBuildFile; fileRef = 9CB92CE0182C93B300B62EE1 /* DreamCatcherTests.m */; };
		9CB92D191830C63700B62EE1 /* AVFoundation.framework in Frameworks */ = {isa = PBXBuildFile; fileRef = 9CB92D181830C63700B62EE1 /* AVFoundation.framework */; };
		9CC238E018791EB700BDFC44 /* micro-50.png in Resources */ = {isa = PBXBuildFile; fileRef = 9CC238D718791EB700BDFC44 /* micro-50.png */; };
		9CC238E118791EB700BDFC44 /* play-75.png in Resources */ = {isa = PBXBuildFile; fileRef = 9CC238D818791EB700BDFC44 /* play-75.png */; };
		9CC238E218791EB700BDFC44 /* recordingIndicator.png in Resources */ = {isa = PBXBuildFile; fileRef = 9CC238D918791EB700BDFC44 /* recordingIndicator.png */; };
		9CC238E318791EB700BDFC44 /* recordingIndicator@2x.png in Resources */ = {isa = PBXBuildFile; fileRef = 9CC238DA18791EB700BDFC44 /* recordingIndicator@2x.png */; };
		9CC238E418791EB700BDFC44 /* stop-50.png in Resources */ = {isa = PBXBuildFile; fileRef = 9CC238DB18791EB700BDFC44 /* stop-50.png */; };
		9CC238E518791EB700BDFC44 /* stop-75.png in Resources */ = {isa = PBXBuildFile; fileRef = 9CC238DC18791EB700BDFC44 /* stop-75.png */; };
		9CC238F318791F1600BDFC44 /* DCAddDreamPicsViewController.m in Sources */ = {isa = PBXBuildFile; fileRef = 9CC238E818791F1600BDFC44 /* DCAddDreamPicsViewController.m */; };
		9CC238F418791F1600BDFC44 /* DCAddDreamViewController.m in Sources */ = {isa = PBXBuildFile; fileRef = 9CC238EA18791F1600BDFC44 /* DCAddDreamViewController.m */; };
		9CC238F518791F1600BDFC44 /* DCAddDreamVoiceViewController.m in Sources */ = {isa = PBXBuildFile; fileRef = 9CC238EC18791F1600BDFC44 /* DCAddDreamVoiceViewController.m */; };
		9CC238F718791F1600BDFC44 /* DCOptionsViewController.m in Sources */ = {isa = PBXBuildFile; fileRef = 9CC238F018791F1600BDFC44 /* DCOptionsViewController.m */; };
		9CC238FA1879215900BDFC44 /* Images_CopyRights.rtf in Resources */ = {isa = PBXBuildFile; fileRef = 9CC238F91879215900BDFC44 /* Images_CopyRights.rtf */; };
		9CC23900187927E600BDFC44 /* save-48.png in Resources */ = {isa = PBXBuildFile; fileRef = 9CC238FF187927E600BDFC44 /* save-48.png */; };
		9CC239021879295A00BDFC44 /* save-32.png in Resources */ = {isa = PBXBuildFile; fileRef = 9CC239011879295A00BDFC44 /* save-32.png */; };
		9CC23904187929DA00BDFC44 /* trash2-50.png in Resources */ = {isa = PBXBuildFile; fileRef = 9CC23903187929DA00BDFC44 /* trash2-50.png */; };
		9CC2390618792A0000BDFC44 /* trash2-32.png in Resources */ = {isa = PBXBuildFile; fileRef = 9CC2390518792A0000BDFC44 /* trash2-32.png */; };
		9CE6560E18865C860035DBA9 /* DCViewController.m in Sources */ = {isa = PBXBuildFile; fileRef = 9CE6560D18865C860035DBA9 /* DCViewController.m */; };
		9CE6561118865CAF0035DBA9 /* DCAddDreamWordsViewController.m in Sources */ = {isa = PBXBuildFile; fileRef = 9CE6561018865CAF0035DBA9 /* DCAddDreamWordsViewController.m */; };
		9CE6565D188666260035DBA9 /* BSKeyboardControls.m in Sources */ = {isa = PBXBuildFile; fileRef = 9CE65655188666260035DBA9 /* BSKeyboardControls.m */; };
		9CE6565E188666260035DBA9 /* BSKeyboardControls.strings in Resources */ = {isa = PBXBuildFile; fileRef = 9CE65656188666260035DBA9 /* BSKeyboardControls.strings */; };
/* End PBXBuildFile section */

/* Begin PBXContainerItemProxy section */
		9CB92CD8182C93B300B62EE1 /* PBXContainerItemProxy */ = {
			isa = PBXContainerItemProxy;
			containerPortal = 9CB92CAA182C93B300B62EE1 /* Project object */;
			proxyType = 1;
			remoteGlobalIDString = 9CB92CB1182C93B300B62EE1;
			remoteInfo = DreamCatcher;
		};
/* End PBXContainerItemProxy section */

/* Begin PBXFileReference section */
		9C337C241833638900FA3BF4 /* Accelerate.framework */ = {isa = PBXFileReference; lastKnownFileType = wrapper.framework; name = Accelerate.framework; path = System/Library/Frameworks/Accelerate.framework; sourceTree = SDKROOT; };
		9C337C261833639B00FA3BF4 /* QuartzCore.framework */ = {isa = PBXFileReference; lastKnownFileType = wrapper.framework; name = QuartzCore.framework; path = System/Library/Frameworks/QuartzCore.framework; sourceTree = SDKROOT; };
		9C337C28183363A500FA3BF4 /* OpenGLES.framework */ = {isa = PBXFileReference; lastKnownFileType = wrapper.framework; name = OpenGLES.framework; path = System/Library/Frameworks/OpenGLES.framework; sourceTree = SDKROOT; };
		9C337C2A183363B100FA3BF4 /* AudioToolbox.framework */ = {isa = PBXFileReference; lastKnownFileType = wrapper.framework; name = AudioToolbox.framework; path = System/Library/Frameworks/AudioToolbox.framework; sourceTree = SDKROOT; };
		9C4C2F6C1887B79E000514FC /* DCUtils.h */ = {isa = PBXFileReference; fileEncoding = 4; lastKnownFileType = sourcecode.c.h; name = DCUtils.h; path = Classes/DCUtils.h; sourceTree = "<group>"; };
		9C4C2F6D1887B79E000514FC /* DCUtils.m */ = {isa = PBXFileReference; fileEncoding = 4; lastKnownFileType = sourcecode.c.objc; name = DCUtils.m; path = Classes/DCUtils.m; sourceTree = "<group>"; };
		9C4C2F70188FB116000514FC /* DCDreamPlayBackViewController.h */ = {isa = PBXFileReference; fileEncoding = 4; lastKnownFileType = sourcecode.c.h; name = DCDreamPlayBackViewController.h; path = Classes/DCDreamPlayBackViewController.h; sourceTree = "<group>"; };
		9C4C2F71188FB116000514FC /* DCDreamPlayBackViewController.m */ = {isa = PBXFileReference; fileEncoding = 4; lastKnownFileType = sourcecode.c.objc; name = DCDreamPlayBackViewController.m; path = Classes/DCDreamPlayBackViewController.m; sourceTree = "<group>"; };
		9CB5884A1830C73B00375BEA /* Base */ = {isa = PBXFileReference; lastKnownFileType = file.storyboard; name = Base; path = Base.lproj/Main.storyboard; sourceTree = "<group>"; };
		9CB92CB2182C93B300B62EE1 /* DreamCatcher.app */ = {isa = PBXFileReference; explicitFileType = wrapper.application; includeInIndex = 0; path = DreamCatcher.app; sourceTree = BUILT_PRODUCTS_DIR; };
		9CB92CB5182C93B300B62EE1 /* Foundation.framework */ = {isa = PBXFileReference; lastKnownFileType = wrapper.framework; name = Foundation.framework; path = System/Library/Frameworks/Foundation.framework; sourceTree = SDKROOT; };
		9CB92CB7182C93B300B62EE1 /* CoreGraphics.framework */ = {isa = PBXFileReference; lastKnownFileType = wrapper.framework; name = CoreGraphics.framework; path = System/Library/Frameworks/CoreGraphics.framework; sourceTree = SDKROOT; };
		9CB92CB9182C93B300B62EE1 /* UIKit.framework */ = {isa = PBXFileReference; lastKnownFileType = wrapper.framework; name = UIKit.framework; path = System/Library/Frameworks/UIKit.framework; sourceTree = SDKROOT; };
		9CB92CBD182C93B300B62EE1 /* DreamCatcher-Info.plist */ = {isa = PBXFileReference; lastKnownFileType = text.plist.xml; path = "DreamCatcher-Info.plist"; sourceTree = "<group>"; };
		9CB92CBF182C93B300B62EE1 /* en */ = {isa = PBXFileReference; lastKnownFileType = text.plist.strings; name = en; path = en.lproj/InfoPlist.strings; sourceTree = "<group>"; };
		9CB92CC1182C93B300B62EE1 /* main.m */ = {isa = PBXFileReference; lastKnownFileType = sourcecode.c.objc; path = main.m; sourceTree = "<group>"; };
		9CB92CC3182C93B300B62EE1 /* DreamCatcher-Prefix.pch */ = {isa = PBXFileReference; lastKnownFileType = sourcecode.c.h; path = "DreamCatcher-Prefix.pch"; sourceTree = "<group>"; };
		9CB92CC4182C93B300B62EE1 /* DCAppDelegate.h */ = {isa = PBXFileReference; lastKnownFileType = sourcecode.c.h; path = DCAppDelegate.h; sourceTree = "<group>"; };
		9CB92CC5182C93B300B62EE1 /* DCAppDelegate.m */ = {isa = PBXFileReference; lastKnownFileType = sourcecode.c.objc; path = DCAppDelegate.m; sourceTree = "<group>"; };
		9CB92CCD182C93B300B62EE1 /* Images.xcassets */ = {isa = PBXFileReference; lastKnownFileType = folder.assetcatalog; path = Images.xcassets; sourceTree = "<group>"; };
		9CB92CD3182C93B300B62EE1 /* DreamCatcherTests.xctest */ = {isa = PBXFileReference; explicitFileType = wrapper.cfbundle; includeInIndex = 0; path = DreamCatcherTests.xctest; sourceTree = BUILT_PRODUCTS_DIR; };
		9CB92CD4182C93B300B62EE1 /* XCTest.framework */ = {isa = PBXFileReference; lastKnownFileType = wrapper.framework; name = XCTest.framework; path = Library/Frameworks/XCTest.framework; sourceTree = DEVELOPER_DIR; };
		9CB92CDC182C93B300B62EE1 /* DreamCatcherTests-Info.plist */ = {isa = PBXFileReference; lastKnownFileType = text.plist.xml; path = "DreamCatcherTests-Info.plist"; sourceTree = "<group>"; };
		9CB92CDE182C93B300B62EE1 /* en */ = {isa = PBXFileReference; lastKnownFileType = text.plist.strings; name = en; path = en.lproj/InfoPlist.strings; sourceTree = "<group>"; };
		9CB92CE0182C93B300B62EE1 /* DreamCatcherTests.m */ = {isa = PBXFileReference; lastKnownFileType = sourcecode.c.objc; path = DreamCatcherTests.m; sourceTree = "<group>"; };
		9CB92D181830C63700B62EE1 /* AVFoundation.framework */ = {isa = PBXFileReference; lastKnownFileType = wrapper.framework; name = AVFoundation.framework; path = System/Library/Frameworks/AVFoundation.framework; sourceTree = SDKROOT; };
		9CC238D718791EB700BDFC44 /* micro-50.png */ = {isa = PBXFileReference; lastKnownFileType = image.png; name = "micro-50.png"; path = "Images/micro-50.png"; sourceTree = "<group>"; };
		9CC238D818791EB700BDFC44 /* play-75.png */ = {isa = PBXFileReference; lastKnownFileType = image.png; name = "play-75.png"; path = "Images/play-75.png"; sourceTree = "<group>"; };
		9CC238D918791EB700BDFC44 /* recordingIndicator.png */ = {isa = PBXFileReference; lastKnownFileType = image.png; name = recordingIndicator.png; path = Images/recordingIndicator.png; sourceTree = "<group>"; };
		9CC238DA18791EB700BDFC44 /* recordingIndicator@2x.png */ = {isa = PBXFileReference; lastKnownFileType = image.png; name = "recordingIndicator@2x.png"; path = "Images/recordingIndicator@2x.png"; sourceTree = "<group>"; };
		9CC238DB18791EB700BDFC44 /* stop-50.png */ = {isa = PBXFileReference; lastKnownFileType = image.png; name = "stop-50.png"; path = "Images/stop-50.png"; sourceTree = "<group>"; };
		9CC238DC18791EB700BDFC44 /* stop-75.png */ = {isa = PBXFileReference; lastKnownFileType = image.png; name = "stop-75.png"; path = "Images/stop-75.png"; sourceTree = "<group>"; };
		9CC238E718791F1600BDFC44 /* DCAddDreamPicsViewController.h */ = {isa = PBXFileReference; fileEncoding = 4; lastKnownFileType = sourcecode.c.h; name = DCAddDreamPicsViewController.h; path = Classes/DCAddDreamPicsViewController.h; sourceTree = "<group>"; };
		9CC238E818791F1600BDFC44 /* DCAddDreamPicsViewController.m */ = {isa = PBXFileReference; fileEncoding = 4; lastKnownFileType = sourcecode.c.objc; name = DCAddDreamPicsViewController.m; path = Classes/DCAddDreamPicsViewController.m; sourceTree = "<group>"; };
		9CC238E918791F1600BDFC44 /* DCAddDreamViewController.h */ = {isa = PBXFileReference; fileEncoding = 4; lastKnownFileType = sourcecode.c.h; name = DCAddDreamViewController.h; path = Classes/DCAddDreamViewController.h; sourceTree = "<group>"; };
		9CC238EA18791F1600BDFC44 /* DCAddDreamViewController.m */ = {isa = PBXFileReference; fileEncoding = 4; lastKnownFileType = sourcecode.c.objc; name = DCAddDreamViewController.m; path = Classes/DCAddDreamViewController.m; sourceTree = "<group>"; };
		9CC238EB18791F1600BDFC44 /* DCAddDreamVoiceViewController.h */ = {isa = PBXFileReference; fileEncoding = 4; lastKnownFileType = sourcecode.c.h; name = DCAddDreamVoiceViewController.h; path = Classes/DCAddDreamVoiceViewController.h; sourceTree = "<group>"; };
		9CC238EC18791F1600BDFC44 /* DCAddDreamVoiceViewController.m */ = {isa = PBXFileReference; fileEncoding = 4; lastKnownFileType = sourcecode.c.objc; name = DCAddDreamVoiceViewController.m; path = Classes/DCAddDreamVoiceViewController.m; sourceTree = "<group>"; };
		9CC238EF18791F1600BDFC44 /* DCOptionsViewController.h */ = {isa = PBXFileReference; fileEncoding = 4; lastKnownFileType = sourcecode.c.h; name = DCOptionsViewController.h; path = Classes/DCOptionsViewController.h; sourceTree = "<group>"; };
		9CC238F018791F1600BDFC44 /* DCOptionsViewController.m */ = {isa = PBXFileReference; fileEncoding = 4; lastKnownFileType = sourcecode.c.objc; name = DCOptionsViewController.m; path = Classes/DCOptionsViewController.m; sourceTree = "<group>"; };
		9CC238F91879215900BDFC44 /* Images_CopyRights.rtf */ = {isa = PBXFileReference; fileEncoding = 4; lastKnownFileType = text.rtf; name = Images_CopyRights.rtf; path = Images/Images_CopyRights.rtf; sourceTree = "<group>"; };
		9CC238FF187927E600BDFC44 /* save-48.png */ = {isa = PBXFileReference; lastKnownFileType = image.png; path = "save-48.png"; sourceTree = "<group>"; };
		9CC239011879295A00BDFC44 /* save-32.png */ = {isa = PBXFileReference; lastKnownFileType = image.png; path = "save-32.png"; sourceTree = "<group>"; };
		9CC23903187929DA00BDFC44 /* trash2-50.png */ = {isa = PBXFileReference; lastKnownFileType = image.png; path = "trash2-50.png"; sourceTree = "<group>"; };
		9CC2390518792A0000BDFC44 /* trash2-32.png */ = {isa = PBXFileReference; lastKnownFileType = image.png; path = "trash2-32.png"; sourceTree = "<group>"; };
		9CE6560C18865C860035DBA9 /* DCViewController.h */ = {isa = PBXFileReference; fileEncoding = 4; lastKnownFileType = sourcecode.c.h; name = DCViewController.h; path = Classes/DCViewController.h; sourceTree = "<group>"; };
		9CE6560D18865C860035DBA9 /* DCViewController.m */ = {isa = PBXFileReference; fileEncoding = 4; lastKnownFileType = sourcecode.c.objc; name = DCViewController.m; path = Classes/DCViewController.m; sourceTree = "<group>"; };
		9CE6560F18865CAF0035DBA9 /* DCAddDreamWordsViewController.h */ = {isa = PBXFileReference; fileEncoding = 4; lastKnownFileType = sourcecode.c.h; name = DCAddDreamWordsViewController.h; path = Classes/DCAddDreamWordsViewController.h; sourceTree = "<group>"; };
		9CE6561018865CAF0035DBA9 /* DCAddDreamWordsViewController.m */ = {isa = PBXFileReference; fileEncoding = 4; lastKnownFileType = sourcecode.c.objc; name = DCAddDreamWordsViewController.m; path = Classes/DCAddDreamWordsViewController.m; sourceTree = "<group>"; };
		9CE65654188666260035DBA9 /* BSKeyboardControls.h */ = {isa = PBXFileReference; fileEncoding = 4; lastKnownFileType = sourcecode.c.h; path = BSKeyboardControls.h; sourceTree = "<group>"; };
		9CE65655188666260035DBA9 /* BSKeyboardControls.m */ = {isa = PBXFileReference; fileEncoding = 4; lastKnownFileType = sourcecode.c.objc; path = BSKeyboardControls.m; sourceTree = "<group>"; };
		9CE65657188666260035DBA9 /* da */ = {isa = PBXFileReference; lastKnownFileType = text.plist.strings; name = da; path = da.lproj/BSKeyboardControls.strings; sourceTree = "<group>"; };
		9CE65658188666260035DBA9 /* en */ = {isa = PBXFileReference; lastKnownFileType = text.plist.strings; name = en; path = en.lproj/BSKeyboardControls.strings; sourceTree = "<group>"; };
		9CE65659188666260035DBA9 /* pt */ = {isa = PBXFileReference; lastKnownFileType = text.plist.strings; name = pt; path = pt.lproj/BSKeyboardControls.strings; sourceTree = "<group>"; };
		9CE6565A188666260035DBA9 /* ru-RU */ = {isa = PBXFileReference; lastKnownFileType = text.plist.strings; name = "ru-RU"; path = "ru-RU.lproj/BSKeyboardControls.strings"; sourceTree = "<group>"; };
		9CE6565B188666260035DBA9 /* ru */ = {isa = PBXFileReference; lastKnownFileType = text.plist.strings; name = ru; path = ru.lproj/BSKeyboardControls.strings; sourceTree = "<group>"; };
		9CE6565C188666260035DBA9 /* sv */ = {isa = PBXFileReference; lastKnownFileType = text.plist.strings; name = sv; path = sv.lproj/BSKeyboardControls.strings; sourceTree = "<group>"; };
/* End PBXFileReference section */

/* Begin PBXFrameworksBuildPhase section */
		9CB92CAF182C93B300B62EE1 /* Frameworks */ = {
			isa = PBXFrameworksBuildPhase;
			buildActionMask = 2147483647;
			files = (
				9C337C2B183363B100FA3BF4 /* AudioToolbox.framework in Frameworks */,
				9C337C29183363A500FA3BF4 /* OpenGLES.framework in Frameworks */,
				9C337C271833639B00FA3BF4 /* QuartzCore.framework in Frameworks */,
				9C337C251833638900FA3BF4 /* Accelerate.framework in Frameworks */,
				9CB92D191830C63700B62EE1 /* AVFoundation.framework in Frameworks */,
				9CB92CB8182C93B300B62EE1 /* CoreGraphics.framework in Frameworks */,
				9CB92CBA182C93B300B62EE1 /* UIKit.framework in Frameworks */,
				9CB92CB6182C93B300B62EE1 /* Foundation.framework in Frameworks */,
			);
			runOnlyForDeploymentPostprocessing = 0;
		};
		9CB92CD0182C93B300B62EE1 /* Frameworks */ = {
			isa = PBXFrameworksBuildPhase;
			buildActionMask = 2147483647;
			files = (
				9CB92CD5182C93B300B62EE1 /* XCTest.framework in Frameworks */,
				9CB92CD7182C93B300B62EE1 /* UIKit.framework in Frameworks */,
				9CB92CD6182C93B300B62EE1 /* Foundation.framework in Frameworks */,
			);
			runOnlyForDeploymentPostprocessing = 0;
		};
/* End PBXFrameworksBuildPhase section */

/* Begin PBXGroup section */
		9C4C2F6F188FB0E3000514FC /* Utils */ = {
			isa = PBXGroup;
			children = (
				9C4C2F6C1887B79E000514FC /* DCUtils.h */,
				9C4C2F6D1887B79E000514FC /* DCUtils.m */,
			);
			name = Utils;
			sourceTree = "<group>";
		};
		9CB92CA9182C93B300B62EE1 = {
			isa = PBXGroup;
			children = (
				9CB92CBB182C93B300B62EE1 /* DreamCatcher */,
				9CB92CDA182C93B300B62EE1 /* DreamCatcherTests */,
				9CB92CB4182C93B300B62EE1 /* Frameworks */,
				9CB92CB3182C93B300B62EE1 /* Products */,
			);
			sourceTree = "<group>";
		};
		9CB92CB3182C93B300B62EE1 /* Products */ = {
			isa = PBXGroup;
			children = (
				9CB92CB2182C93B300B62EE1 /* DreamCatcher.app */,
				9CB92CD3182C93B300B62EE1 /* DreamCatcherTests.xctest */,
			);
			name = Products;
			sourceTree = "<group>";
		};
		9CB92CB4182C93B300B62EE1 /* Frameworks */ = {
			isa = PBXGroup;
			children = (
				9C337C2A183363B100FA3BF4 /* AudioToolbox.framework */,
				9C337C28183363A500FA3BF4 /* OpenGLES.framework */,
				9C337C261833639B00FA3BF4 /* QuartzCore.framework */,
				9C337C241833638900FA3BF4 /* Accelerate.framework */,
				9CB92D181830C63700B62EE1 /* AVFoundation.framework */,
				9CB92CB5182C93B300B62EE1 /* Foundation.framework */,
				9CB92CB7182C93B300B62EE1 /* CoreGraphics.framework */,
				9CB92CB9182C93B300B62EE1 /* UIKit.framework */,
				9CB92CD4182C93B300B62EE1 /* XCTest.framework */,
			);
			name = Frameworks;
			sourceTree = "<group>";
		};
		9CB92CBB182C93B300B62EE1 /* DreamCatcher */ = {
			isa = PBXGroup;
			children = (
				9C4C2F6F188FB0E3000514FC /* Utils */,
				9CE65653188666260035DBA9 /* BSKeyboardControls */,
				9CC238E618791ED100BDFC44 /* ViewControllers */,
				9CB92CC4182C93B300B62EE1 /* DCAppDelegate.h */,
				9CB92CC5182C93B300B62EE1 /* DCAppDelegate.m */,
				9CB588491830C73B00375BEA /* Main.storyboard */,
				9CB92CCD182C93B300B62EE1 /* Images.xcassets */,
				9CB92CBC182C93B300B62EE1 /* Supporting Files */,
				9CB92CFE1830C15C00B62EE1 /* Resources */,
			);
			path = DreamCatcher;
			sourceTree = "<group>";
		};
		9CB92CBC182C93B300B62EE1 /* Supporting Files */ = {
			isa = PBXGroup;
			children = (
				9CB92CBD182C93B300B62EE1 /* DreamCatcher-Info.plist */,
				9CB92CBE182C93B300B62EE1 /* InfoPlist.strings */,
				9CB92CC1182C93B300B62EE1 /* main.m */,
				9CB92CC3182C93B300B62EE1 /* DreamCatcher-Prefix.pch */,
			);
			name = "Supporting Files";
			sourceTree = "<group>";
		};
		9CB92CDA182C93B300B62EE1 /* DreamCatcherTests */ = {
			isa = PBXGroup;
			children = (
				9CB92CE0182C93B300B62EE1 /* DreamCatcherTests.m */,
				9CB92CDB182C93B300B62EE1 /* Supporting Files */,
			);
			path = DreamCatcherTests;
			sourceTree = "<group>";
		};
		9CB92CDB182C93B300B62EE1 /* Supporting Files */ = {
			isa = PBXGroup;
			children = (
				9CB92CDC182C93B300B62EE1 /* DreamCatcherTests-Info.plist */,
				9CB92CDD182C93B300B62EE1 /* InfoPlist.strings */,
			);
			name = "Supporting Files";
			sourceTree = "<group>";
		};
		9CB92CFE1830C15C00B62EE1 /* Resources */ = {
			isa = PBXGroup;
			children = (
				9CC238F91879215900BDFC44 /* Images_CopyRights.rtf */,
				9CB92CFF1830C16500B62EE1 /* Images */,
			);
			name = Resources;
			sourceTree = "<group>";
		};
		9CB92CFF1830C16500B62EE1 /* Images */ = {
			isa = PBXGroup;
			children = (
				9CC2390518792A0000BDFC44 /* trash2-32.png */,
				9CC23903187929DA00BDFC44 /* trash2-50.png */,
				9CC239011879295A00BDFC44 /* save-32.png */,
				9CC238FF187927E600BDFC44 /* save-48.png */,
				9CC238D718791EB700BDFC44 /* micro-50.png */,
				9CC238D818791EB700BDFC44 /* play-75.png */,
				9CC238D918791EB700BDFC44 /* recordingIndicator.png */,
				9CC238DA18791EB700BDFC44 /* recordingIndicator@2x.png */,
				9CC238DB18791EB700BDFC44 /* stop-50.png */,
				9CC238DC18791EB700BDFC44 /* stop-75.png */,
			);
			name = Images;
			sourceTree = "<group>";
		};
		9CC238E618791ED100BDFC44 /* ViewControllers */ = {
			isa = PBXGroup;
			children = (
				9CC238E918791F1600BDFC44 /* DCAddDreamViewController.h */,
				9CC238EA18791F1600BDFC44 /* DCAddDreamViewController.m */,
				9CE6560F18865CAF0035DBA9 /* DCAddDreamWordsViewController.h */,
				9CE6561018865CAF0035DBA9 /* DCAddDreamWordsViewController.m */,
				9CC238EB18791F1600BDFC44 /* DCAddDreamVoiceViewController.h */,
				9CC238EC18791F1600BDFC44 /* DCAddDreamVoiceViewController.m */,
				9CC238E718791F1600BDFC44 /* DCAddDreamPicsViewController.h */,
				9CC238E818791F1600BDFC44 /* DCAddDreamPicsViewController.m */,
				9CC238EF18791F1600BDFC44 /* DCOptionsViewController.h */,
				9CC238F018791F1600BDFC44 /* DCOptionsViewController.m */,
				9CE6560C18865C860035DBA9 /* DCViewController.h */,
				9CE6560D18865C860035DBA9 /* DCViewController.m */,
				9C4C2F70188FB116000514FC /* DCDreamPlayBackViewController.h */,
				9C4C2F71188FB116000514FC /* DCDreamPlayBackViewController.m */,
			);
			name = ViewControllers;
			sourceTree = "<group>";
		};
		9CE65653188666260035DBA9 /* BSKeyboardControls */ = {
			isa = PBXGroup;
			children = (
				9CE65654188666260035DBA9 /* BSKeyboardControls.h */,
				9CE65655188666260035DBA9 /* BSKeyboardControls.m */,
				9CE65656188666260035DBA9 /* BSKeyboardControls.strings */,
			);
			path = BSKeyboardControls;
			sourceTree = "<group>";
		};
/* End PBXGroup section */

/* Begin PBXNativeTarget section */
		9CB92CB1182C93B300B62EE1 /* DreamCatcher */ = {
			isa = PBXNativeTarget;
			buildConfigurationList = 9CB92CE4182C93B300B62EE1 /* Build configuration list for PBXNativeTarget "DreamCatcher" */;
			buildPhases = (
				9CB92CAE182C93B300B62EE1 /* Sources */,
				9CB92CAF182C93B300B62EE1 /* Frameworks */,
				9CB92CB0182C93B300B62EE1 /* Resources */,
				9CBE8206196531B70096A57E /* ShellScript */,
			);
			buildRules = (
			);
			dependencies = (
			);
			name = DreamCatcher;
			productName = DreamCatcher;
			productReference = 9CB92CB2182C93B300B62EE1 /* DreamCatcher.app */;
			productType = "com.apple.product-type.application";
		};
		9CB92CD2182C93B300B62EE1 /* DreamCatcherTests */ = {
			isa = PBXNativeTarget;
			buildConfigurationList = 9CB92CE7182C93B300B62EE1 /* Build configuration list for PBXNativeTarget "DreamCatcherTests" */;
			buildPhases = (
				9CB92CCF182C93B300B62EE1 /* Sources */,
				9CB92CD0182C93B300B62EE1 /* Frameworks */,
				9CB92CD1182C93B300B62EE1 /* Resources */,
			);
			buildRules = (
			);
			dependencies = (
				9CB92CD9182C93B300B62EE1 /* PBXTargetDependency */,
			);
			name = DreamCatcherTests;
			productName = DreamCatcherTests;
			productReference = 9CB92CD3182C93B300B62EE1 /* DreamCatcherTests.xctest */;
			productType = "com.apple.product-type.bundle.unit-test";
		};
/* End PBXNativeTarget section */

/* Begin PBXProject section */
		9CB92CAA182C93B300B62EE1 /* Project object */ = {
			isa = PBXProject;
			attributes = {
				CLASSPREFIX = DC;
				LastUpgradeCheck = 0510;
				ORGANIZATIONNAME = "Ammini Inc";
				TargetAttributes = {
					9CB92CD2182C93B300B62EE1 = {
						TestTargetID = 9CB92CB1182C93B300B62EE1;
					};
				};
			};
			buildConfigurationList = 9CB92CAD182C93B300B62EE1 /* Build configuration list for PBXProject "DreamCatcher" */;
			compatibilityVersion = "Xcode 3.2";
			developmentRegion = English;
			hasScannedForEncodings = 0;
			knownRegions = (
				en,
				Base,
				da,
				pt,
				"ru-RU",
				ru,
				sv,
			);
			mainGroup = 9CB92CA9182C93B300B62EE1;
			productRefGroup = 9CB92CB3182C93B300B62EE1 /* Products */;
			projectDirPath = "";
			projectRoot = "";
			targets = (
				9CB92CB1182C93B300B62EE1 /* DreamCatcher */,
				9CB92CD2182C93B300B62EE1 /* DreamCatcherTests */,
			);
		};
/* End PBXProject section */

/* Begin PBXResourcesBuildPhase section */
		9CB92CB0182C93B300B62EE1 /* Resources */ = {
			isa = PBXResourcesBuildPhase;
			buildActionMask = 2147483647;
			files = (
				9CB92CCE182C93B300B62EE1 /* Images.xcassets in Resources */,
				9CC23904187929DA00BDFC44 /* trash2-50.png in Resources */,
				9CC23900187927E600BDFC44 /* save-48.png in Resources */,
				9CC239021879295A00BDFC44 /* save-32.png in Resources */,
				9CB92CC0182C93B300B62EE1 /* InfoPlist.strings in Resources */,
				9CE6565E188666260035DBA9 /* BSKeyboardControls.strings in Resources */,
				9CC2390618792A0000BDFC44 /* trash2-32.png in Resources */,
				9CC238E218791EB700BDFC44 /* recordingIndicator.png in Resources */,
				9CC238E518791EB700BDFC44 /* stop-75.png in Resources */,
				9CB5884B1830C73B00375BEA /* Main.storyboard in Resources */,
				9CC238E118791EB700BDFC44 /* play-75.png in Resources */,
				9CC238E018791EB700BDFC44 /* micro-50.png in Resources */,
				9CC238E318791EB700BDFC44 /* recordingIndicator@2x.png in Resources */,
				9CC238E418791EB700BDFC44 /* stop-50.png in Resources */,
				9CC238FA1879215900BDFC44 /* Images_CopyRights.rtf in Resources */,
			);
			runOnlyForDeploymentPostprocessing = 0;
		};
		9CB92CD1182C93B300B62EE1 /* Resources */ = {
			isa = PBXResourcesBuildPhase;
			buildActionMask = 2147483647;
			files = (
				9CB92CDF182C93B300B62EE1 /* InfoPlist.strings in Resources */,
			);
			runOnlyForDeploymentPostprocessing = 0;
		};
/* End PBXResourcesBuildPhase section */

/* Begin PBXShellScriptBuildPhase section */
		9CBE8206196531B70096A57E /* ShellScript */ = {
			isa = PBXShellScriptBuildPhase;
			buildActionMask = 2147483647;
			files = (
			);
			inputPaths = (
			);
			outputPaths = (
			);
			runOnlyForDeploymentPostprocessing = 0;
			shellPath = /bin/sh;
			shellScript = "";
		};
/* End PBXShellScriptBuildPhase section */

/* Begin PBXSourcesBuildPhase section */
		9CB92CAE182C93B300B62EE1 /* Sources */ = {
			isa = PBXSourcesBuildPhase;
			buildActionMask = 2147483647;
			files = (
				9CB92CC2182C93B300B62EE1 /* main.m in Sources */,
				9CC238F518791F1600BDFC44 /* DCAddDreamVoiceViewController.m in Sources */,
				9CC238F418791F1600BDFC44 /* DCAddDreamViewController.m in Sources */,
				9CE6561118865CAF0035DBA9 /* DCAddDreamWordsViewController.m in Sources */,
				9CE6560E18865C860035DBA9 /* DCViewController.m in Sources */,
				9CB92CC6182C93B300B62EE1 /* DCAppDelegate.m in Sources */,
				9CE6565D188666260035DBA9 /* BSKeyboardControls.m in Sources */,
				9CC238F318791F1600BDFC44 /* DCAddDreamPicsViewController.m in Sources */,
				9C4C2F6E1887B79E000514FC /* DCUtils.m in Sources */,
				9CC238F718791F1600BDFC44 /* DCOptionsViewController.m in Sources */,
				9C4C2F72188FB116000514FC /* DCDreamPlayBackViewController.m in Sources */,
			);
			runOnlyForDeploymentPostprocessing = 0;
		};
		9CB92CCF182C93B300B62EE1 /* Sources */ = {
			isa = PBXSourcesBuildPhase;
			buildActionMask = 2147483647;
			files = (
				9CB92CE1182C93B300B62EE1 /* DreamCatcherTests.m in Sources */,
			);
			runOnlyForDeploymentPostprocessing = 0;
		};
/* End PBXSourcesBuildPhase section */

/* Begin PBXTargetDependency section */
		9CB92CD9182C93B300B62EE1 /* PBXTargetDependency */ = {
			isa = PBXTargetDependency;
			target = 9CB92CB1182C93B300B62EE1 /* DreamCatcher */;
			targetProxy = 9CB92CD8182C93B300B62EE1 /* PBXContainerItemProxy */;
		};
/* End PBXTargetDependency section */

/* Begin PBXVariantGroup section */
		9CB588491830C73B00375BEA /* Main.storyboard */ = {
			isa = PBXVariantGroup;
			children = (
				9CB5884A1830C73B00375BEA /* Base */,
			);
			name = Main.storyboard;
			sourceTree = "<group>";
		};
		9CB92CBE182C93B300B62EE1 /* InfoPlist.strings */ = {
			isa = PBXVariantGroup;
			children = (
				9CB92CBF182C93B300B62EE1 /* en */,
			);
			name = InfoPlist.strings;
			sourceTree = "<group>";
		};
		9CB92CDD182C93B300B62EE1 /* InfoPlist.strings */ = {
			isa = PBXVariantGroup;
			children = (
				9CB92CDE182C93B300B62EE1 /* en */,
			);
			name = InfoPlist.strings;
			sourceTree = "<group>";
		};
		9CE65656188666260035DBA9 /* BSKeyboardControls.strings */ = {
			isa = PBXVariantGroup;
			children = (
				9CE65657188666260035DBA9 /* da */,
				9CE65658188666260035DBA9 /* en */,
				9CE65659188666260035DBA9 /* pt */,
				9CE6565A188666260035DBA9 /* ru-RU */,
				9CE6565B188666260035DBA9 /* ru */,
				9CE6565C188666260035DBA9 /* sv */,
			);
			name = BSKeyboardControls.strings;
			sourceTree = "<group>";
		};
/* End PBXVariantGroup section */

/* Begin XCBuildConfiguration section */
		9CB92CE2182C93B300B62EE1 /* Debug */ = {
			isa = XCBuildConfiguration;
			buildSettings = {
				ALWAYS_SEARCH_USER_PATHS = NO;
				CLANG_CXX_LANGUAGE_STANDARD = "gnu++0x";
				CLANG_CXX_LIBRARY = "libc++";
				CLANG_ENABLE_MODULES = YES;
				CLANG_ENABLE_OBJC_ARC = YES;
				CLANG_WARN_BOOL_CONVERSION = YES;
				CLANG_WARN_CONSTANT_CONVERSION = YES;
				CLANG_WARN_DIRECT_OBJC_ISA_USAGE = YES_ERROR;
				CLANG_WARN_EMPTY_BODY = YES;
				CLANG_WARN_ENUM_CONVERSION = YES;
				CLANG_WARN_INT_CONVERSION = YES;
				CLANG_WARN_OBJC_ROOT_CLASS = YES_ERROR;
				CLANG_WARN__DUPLICATE_METHOD_MATCH = YES;
				"CODE_SIGN_IDENTITY[sdk=iphoneos*]" = "iPhone Developer";
				COPY_PHASE_STRIP = NO;
				GCC_C_LANGUAGE_STANDARD = gnu99;
				GCC_DYNAMIC_NO_PIC = NO;
				GCC_OPTIMIZATION_LEVEL = 0;
				GCC_PREPROCESSOR_DEFINITIONS = (
					"DEBUG=1",
					"$(inherited)",
				);
				GCC_SYMBOLS_PRIVATE_EXTERN = NO;
				GCC_WARN_64_TO_32_BIT_CONVERSION = YES;
				GCC_WARN_ABOUT_RETURN_TYPE = YES_ERROR;
				GCC_WARN_UNDECLARED_SELECTOR = YES;
				GCC_WARN_UNINITIALIZED_AUTOS = YES;
				GCC_WARN_UNUSED_FUNCTION = YES;
				GCC_WARN_UNUSED_VARIABLE = YES;
				IPHONEOS_DEPLOYMENT_TARGET = 7.0;
				ONLY_ACTIVE_ARCH = YES;
				SDKROOT = iphoneos;
			};
			name = Debug;
		};
		9CB92CE3182C93B300B62EE1 /* Release */ = {
			isa = XCBuildConfiguration;
			buildSettings = {
				ALWAYS_SEARCH_USER_PATHS = NO;
				CLANG_CXX_LANGUAGE_STANDARD = "gnu++0x";
				CLANG_CXX_LIBRARY = "libc++";
				CLANG_ENABLE_MODULES = YES;
				CLANG_ENABLE_OBJC_ARC = YES;
				CLANG_WARN_BOOL_CONVERSION = YES;
				CLANG_WARN_CONSTANT_CONVERSION = YES;
				CLANG_WARN_DIRECT_OBJC_ISA_USAGE = YES_ERROR;
				CLANG_WARN_EMPTY_BODY = YES;
				CLANG_WARN_ENUM_CONVERSION = YES;
				CLANG_WARN_INT_CONVERSION = YES;
				CLANG_WARN_OBJC_ROOT_CLASS = YES_ERROR;
				CLANG_WARN__DUPLICATE_METHOD_MATCH = YES;
				"CODE_SIGN_IDENTITY[sdk=iphoneos*]" = "iPhone Developer";
				COPY_PHASE_STRIP = YES;
				ENABLE_NS_ASSERTIONS = NO;
				GCC_C_LANGUAGE_STANDARD = gnu99;
				GCC_WARN_64_TO_32_BIT_CONVERSION = YES;
				GCC_WARN_ABOUT_RETURN_TYPE = YES_ERROR;
				GCC_WARN_UNDECLARED_SELECTOR = YES;
				GCC_WARN_UNINITIALIZED_AUTOS = YES;
				GCC_WARN_UNUSED_FUNCTION = YES;
				GCC_WARN_UNUSED_VARIABLE = YES;
				IPHONEOS_DEPLOYMENT_TARGET = 7.0;
				SDKROOT = iphoneos;
				VALIDATE_PRODUCT = YES;
			};
			name = Release;
		};
		9CB92CE5182C93B300B62EE1 /* Debug */ = {
			isa = XCBuildConfiguration;
			buildSettings = {
				ASSETCATALOG_COMPILER_APPICON_NAME = AppIcon;
				ASSETCATALOG_COMPILER_LAUNCHIMAGE_NAME = LaunchImage;
				GCC_PRECOMPILE_PREFIX_HEADER = YES;
				GCC_PREFIX_HEADER = "DreamCatcher/DreamCatcher-Prefix.pch";
				INFOPLIST_FILE = "DreamCatcher/DreamCatcher-Info.plist";
				PRODUCT_NAME = "$(TARGET_NAME)";
				WRAPPER_EXTENSION = app;
			};
			name = Debug;
		};
		9CB92CE6182C93B300B62EE1 /* Release */ = {
			isa = XCBuildConfiguration;
			buildSettings = {
				ASSETCATALOG_COMPILER_APPICON_NAME = AppIcon;
				ASSETCATALOG_COMPILER_LAUNCHIMAGE_NAME = LaunchImage;
				GCC_PRECOMPILE_PREFIX_HEADER = YES;
				GCC_PREFIX_HEADER = "DreamCatcher/DreamCatcher-Prefix.pch";
				INFOPLIST_FILE = "DreamCatcher/DreamCatcher-Info.plist";
				PRODUCT_NAME = "$(TARGET_NAME)";
				WRAPPER_EXTENSION = app;
			};
			name = Release;
		};
		9CB92CE8182C93B300B62EE1 /* Debug */ = {
			isa = XCBuildConfiguration;
			buildSettings = {
				BUNDLE_LOADER = "$(BUILT_PRODUCTS_DIR)/DreamCatcher.app/DreamCatcher";
				FRAMEWORK_SEARCH_PATHS = (
					"$(SDKROOT)/Developer/Library/Frameworks",
					"$(inherited)",
					"$(DEVELOPER_FRAMEWORKS_DIR)",
				);
				GCC_PRECOMPILE_PREFIX_HEADER = YES;
				GCC_PREFIX_HEADER = "DreamCatcher/DreamCatcher-Prefix.pch";
				GCC_PREPROCESSOR_DEFINITIONS = (
					"DEBUG=1",
					"$(inherited)",
				);
				INFOPLIST_FILE = "DreamCatcherTests/DreamCatcherTests-Info.plist";
				PRODUCT_NAME = "$(TARGET_NAME)";
				TEST_HOST = "$(BUNDLE_LOADER)";
				WRAPPER_EXTENSION = xctest;
			};
			name = Debug;
		};
		9CB92CE9182C93B300B62EE1 /* Release */ = {
			isa = XCBuildConfiguration;
			buildSettings = {
				BUNDLE_LOADER = "$(BUILT_PRODUCTS_DIR)/DreamCatcher.app/DreamCatcher";
				FRAMEWORK_SEARCH_PATHS = (
					"$(SDKROOT)/Developer/Library/Frameworks",
					"$(inherited)",
					"$(DEVELOPER_FRAMEWORKS_DIR)",
				);
				GCC_PRECOMPILE_PREFIX_HEADER = YES;
				GCC_PREFIX_HEADER = "DreamCatcher/DreamCatcher-Prefix.pch";
				INFOPLIST_FILE = "DreamCatcherTests/DreamCatcherTests-Info.plist";
				PRODUCT_NAME = "$(TARGET_NAME)";
				TEST_HOST = "$(BUNDLE_LOADER)";
				WRAPPER_EXTENSION = xctest;
			};
			name = Release;
		};
/* End XCBuildConfiguration section */

/* Begin XCConfigurationList section */
		9CB92CAD182C93B300B62EE1 /* Build configuration list for PBXProject "DreamCatcher" */ = {
			isa = XCConfigurationList;
			buildConfigurations = (
				9CB92CE2182C93B300B62EE1 /* Debug */,
				9CB92CE3182C93B300B62EE1 /* Release */,
			);
			defaultConfigurationIsVisible = 0;
			defaultConfigurationName = Release;
		};
		9CB92CE4182C93B300B62EE1 /* Build configuration list for PBXNativeTarget "DreamCatcher" */ = {
			isa = XCConfigurationList;
			buildConfigurations = (
				9CB92CE5182C93B300B62EE1 /* Debug */,
				9CB92CE6182C93B300B62EE1 /* Release */,
			);
			defaultConfigurationIsVisible = 0;
			defaultConfigurationName = Release;
		};
		9CB92CE7182C93B300B62EE1 /* Build configuration list for PBXNativeTarget "DreamCatcherTests" */ = {
			isa = XCConfigurationList;
			buildConfigurations = (
				9CB92CE8182C93B300B62EE1 /* Debug */,
				9CB92CE9182C93B300B62EE1 /* Release */,
			);
			defaultConfigurationIsVisible = 0;
			defaultConfigurationName = Release;
		};
/* End XCConfigurationList section */
	};
	rootObject = 9CB92CAA182C93B300B62EE1 /* Project object */;
}
